
Microsoft Visual Studio Solution File, Format Version 12.00
# Visual Studio 14
VisualStudioVersion = 14.0.25420.1
MinimumVisualStudioVersion = 10.0.40219.1
Project("{FAE04EC0-301F-11D3-BF4B-00C04F79EFBC}") = "ExtensionsLibrary", "ExtensionsLibrary\ExtensionsLibrary.csproj", "{D37920D6-23C2-42A2-A593-32F8687FD320}"
EndProject
Project("{FAE04EC0-301F-11D3-BF4B-00C04F79EFBC}") = "CommonFeaturesLibrary", "CommonFeaturesLibrary\CommonFeaturesLibrary.csproj", "{666330C0-B3F9-489A-AB39-4217D18728C7}"
EndProject
Project("{FAE04EC0-301F-11D3-BF4B-00C04F79EFBC}") = "ObjectAnalysisProject", "ObjectAnalysisProject\ObjectAnalysisProject.csproj", "{BE1BB940-F59E-4440-ADD0-603BD9915A02}"
EndProject
Project("{FAE04EC0-301F-11D3-BF4B-00C04F79EFBC}") = "WindowsFormsLibrary", "WindowsFormsLibrary\WindowsFormsLibrary.csproj", "{D2BDB1CB-DC00-413E-A895-30075F92EDB4}"
EndProject
Project("{FAE04EC0-301F-11D3-BF4B-00C04F79EFBC}") = "WpfLibrary", "WpfLibrary\WpfLibrary.csproj", "{118BC06F-626B-4104-992B-E9BC54E2EB7E}"
EndProject
Project("{FAE04EC0-301F-11D3-BF4B-00C04F79EFBC}") = "XmlLibrary", "XmlLibrary\XmlLibrary.csproj", "{9050AFB5-BCC8-4FB6-B578-527782A76FFA}"
EndProject
Project("{FAE04EC0-301F-11D3-BF4B-00C04F79EFBC}") = "UnitTestExtensions", "UnitTestExtensions\UnitTestExtensions.csproj", "{8A22878A-D9C3-4483-A89F-E753D5930424}"
EndProject
Project("{FAE04EC0-301F-11D3-BF4B-00C04F79EFBC}") = "JsonLibrary", "JsonLibrary\JsonLibrary.csproj", "{B81B68D9-A7FA-49D9-86C3-AD3D609F4226}"
EndProject
Project("{FAE04EC0-301F-11D3-BF4B-00C04F79EFBC}") = "AzureLibrary", "AzureLibrary\AzureLibrary.csproj", "{1E77B52A-FE74-488F-8F07-7F32EE7DE7B9}"
EndProject
Project("{FAE04EC0-301F-11D3-BF4B-00C04F79EFBC}") = "LuisLibrary", "LuisLibrary\LuisLibrary.csproj", "{37A74F13-C54A-4D7C-8972-72AC1F0D4FA5}"
EndProject
Project("{FAE04EC0-301F-11D3-BF4B-00C04F79EFBC}") = "BotLibrary", "BotLibrary\BotLibrary.csproj", "{6D14CBFD-C76B-4E64-B752-17EA50ECCC0B}"
EndProject
Project("{FAE04EC0-301F-11D3-BF4B-00C04F79EFBC}") = "NetLibrary", "NetLibrary\NetLibrary.csproj", "{4AA33B8A-ED2B-4BCD-BDB3-02CB357C0758}"
EndProject
Global
	GlobalSection(SolutionConfigurationPlatforms) = preSolution
		Debug|Any CPU = Debug|Any CPU
		Release|Any CPU = Release|Any CPU
	EndGlobalSection
	GlobalSection(ProjectConfigurationPlatforms) = postSolution
		{D37920D6-23C2-42A2-A593-32F8687FD320}.Debug|Any CPU.ActiveCfg = Debug|Any CPU
		{D37920D6-23C2-42A2-A593-32F8687FD320}.Debug|Any CPU.Build.0 = Debug|Any CPU
		{D37920D6-23C2-42A2-A593-32F8687FD320}.Release|Any CPU.ActiveCfg = Release|Any CPU
		{D37920D6-23C2-42A2-A593-32F8687FD320}.Release|Any CPU.Build.0 = Release|Any CPU
		{666330C0-B3F9-489A-AB39-4217D18728C7}.Debug|Any CPU.ActiveCfg = Debug|Any CPU
		{666330C0-B3F9-489A-AB39-4217D18728C7}.Debug|Any CPU.Build.0 = Debug|Any CPU
		{666330C0-B3F9-489A-AB39-4217D18728C7}.Release|Any CPU.ActiveCfg = Release|Any CPU
		{666330C0-B3F9-489A-AB39-4217D18728C7}.Release|Any CPU.Build.0 = Release|Any CPU
		{BE1BB940-F59E-4440-ADD0-603BD9915A02}.Debug|Any CPU.ActiveCfg = Debug|Any CPU
		{BE1BB940-F59E-4440-ADD0-603BD9915A02}.Debug|Any CPU.Build.0 = Debug|Any CPU
		{BE1BB940-F59E-4440-ADD0-603BD9915A02}.Release|Any CPU.ActiveCfg = Release|Any CPU
		{BE1BB940-F59E-4440-ADD0-603BD9915A02}.Release|Any CPU.Build.0 = Release|Any CPU
		{D2BDB1CB-DC00-413E-A895-30075F92EDB4}.Debug|Any CPU.ActiveCfg = Debug|Any CPU
		{D2BDB1CB-DC00-413E-A895-30075F92EDB4}.Debug|Any CPU.Build.0 = Debug|Any CPU
		{D2BDB1CB-DC00-413E-A895-30075F92EDB4}.Release|Any CPU.ActiveCfg = Release|Any CPU
		{D2BDB1CB-DC00-413E-A895-30075F92EDB4}.Release|Any CPU.Build.0 = Release|Any CPU
		{118BC06F-626B-4104-992B-E9BC54E2EB7E}.Debug|Any CPU.ActiveCfg = Debug|Any CPU
		{118BC06F-626B-4104-992B-E9BC54E2EB7E}.Debug|Any CPU.Build.0 = Debug|Any CPU
		{118BC06F-626B-4104-992B-E9BC54E2EB7E}.Release|Any CPU.ActiveCfg = Release|Any CPU
		{118BC06F-626B-4104-992B-E9BC54E2EB7E}.Release|Any CPU.Build.0 = Release|Any CPU
		{9050AFB5-BCC8-4FB6-B578-527782A76FFA}.Debug|Any CPU.ActiveCfg = Debug|Any CPU
		{9050AFB5-BCC8-4FB6-B578-527782A76FFA}.Debug|Any CPU.Build.0 = Debug|Any CPU
		{9050AFB5-BCC8-4FB6-B578-527782A76FFA}.Release|Any CPU.ActiveCfg = Release|Any CPU
		{9050AFB5-BCC8-4FB6-B578-527782A76FFA}.Release|Any CPU.Build.0 = Release|Any CPU
		{8A22878A-D9C3-4483-A89F-E753D5930424}.Debug|Any CPU.ActiveCfg = Debug|Any CPU
		{8A22878A-D9C3-4483-A89F-E753D5930424}.Debug|Any CPU.Build.0 = Debug|Any CPU
		{8A22878A-D9C3-4483-A89F-E753D5930424}.Release|Any CPU.ActiveCfg = Release|Any CPU
		{8A22878A-D9C3-4483-A89F-E753D5930424}.Release|Any CPU.Build.0 = Release|Any CPU
		{B81B68D9-A7FA-49D9-86C3-AD3D609F4226}.Debug|Any CPU.ActiveCfg = Debug|Any CPU
		{B81B68D9-A7FA-49D9-86C3-AD3D609F4226}.Debug|Any CPU.Build.0 = Debug|Any CPU
		{B81B68D9-A7FA-49D9-86C3-AD3D609F4226}.Release|Any CPU.ActiveCfg = Release|Any CPU
		{B81B68D9-A7FA-49D9-86C3-AD3D609F4226}.Release|Any CPU.Build.0 = Release|Any CPU
		{1E77B52A-FE74-488F-8F07-7F32EE7DE7B9}.Debug|Any CPU.ActiveCfg = Debug|Any CPU
		{1E77B52A-FE74-488F-8F07-7F32EE7DE7B9}.Debug|Any CPU.Build.0 = Debug|Any CPU
		{1E77B52A-FE74-488F-8F07-7F32EE7DE7B9}.Release|Any CPU.ActiveCfg = Release|Any CPU
		{1E77B52A-FE74-488F-8F07-7F32EE7DE7B9}.Release|Any CPU.Build.0 = Release|Any CPU
		{37A74F13-C54A-4D7C-8972-72AC1F0D4FA5}.Debug|Any CPU.ActiveCfg = Debug|Any CPU
		{37A74F13-C54A-4D7C-8972-72AC1F0D4FA5}.Debug|Any CPU.Build.0 = Debug|Any CPU
		{37A74F13-C54A-4D7C-8972-72AC1F0D4FA5}.Release|Any CPU.ActiveCfg = Release|Any CPU
		{37A74F13-C54A-4D7C-8972-72AC1F0D4FA5}.Release|Any CPU.Build.0 = Release|Any CPU
		{6D14CBFD-C76B-4E64-B752-17EA50ECCC0B}.Debug|Any CPU.ActiveCfg = Debug|Any CPU
		{6D14CBFD-C76B-4E64-B752-17EA50ECCC0B}.Debug|Any CPU.Build.0 = Debug|Any CPU
		{6D14CBFD-C76B-4E64-B752-17EA50ECCC0B}.Release|Any CPU.ActiveCfg = Release|Any CPU
		{6D14CBFD-C76B-4E64-B752-17EA50ECCC0B}.Release|Any CPU.Build.0 = Release|Any CPU
		{4AA33B8A-ED2B-4BCD-BDB3-02CB357C0758}.Debug|Any CPU.ActiveCfg = Debug|Any CPU
		{4AA33B8A-ED2B-4BCD-BDB3-02CB357C0758}.Debug|Any CPU.Build.0 = Debug|Any CPU
		{4AA33B8A-ED2B-4BCD-BDB3-02CB357C0758}.Release|Any CPU.ActiveCfg = Release|Any CPU
		{4AA33B8A-ED2B-4BCD-BDB3-02CB357C0758}.Release|Any CPU.Build.0 = Release|Any CPU
	EndGlobalSection
	GlobalSection(SolutionProperties) = preSolution
		HideSolutionNode = FALSE
	EndGlobalSection
EndGlobal
